// !$*UTF8*$!
{
	archiveVersion = 1;
	classes = {
	};
	objectVersion = 48;
	objects = {

/* Begin PBXBuildFile section */
		789FD75320A4DD5200F36945 /* AppDelegate.swift in Sources */ = {isa = PBXBuildFile; fileRef = 789FD75220A4DD5200F36945 /* AppDelegate.swift */; };
		789FD75520A4DD5200F36945 /* ViewController.swift in Sources */ = {isa = PBXBuildFile; fileRef = 789FD75420A4DD5200F36945 /* ViewController.swift */; };
		789FD75820A4DD5200F36945 /* Main.storyboard in Resources */ = {isa = PBXBuildFile; fileRef = 789FD75620A4DD5200F36945 /* Main.storyboard */; };
		789FD75A20A4DD5200F36945 /* Assets.xcassets in Resources */ = {isa = PBXBuildFile; fileRef = 789FD75920A4DD5200F36945 /* Assets.xcassets */; };
		789FD75D20A4DD5200F36945 /* LaunchScreen.storyboard in Resources */ = {isa = PBXBuildFile; fileRef = 789FD75B20A4DD5200F36945 /* LaunchScreen.storyboard */; };
		78A50BEA20AA732C00003DAF /* AuthToken.swift in Sources */ = {isa = PBXBuildFile; fileRef = 78A50BE920AA732C00003DAF /* AuthToken.swift */; };
		8E9052F820A52174007C0C03 /* Auth.swift in Sources */ = {isa = PBXBuildFile; fileRef = 8E9052F720A52174007C0C03 /* Auth.swift */; };
/* End PBXBuildFile section */

/* Begin PBXFileReference section */
		789FD74F20A4DD5200F36945 /* newcall.app */ = {isa = PBXFileReference; explicitFileType = wrapper.application; includeInIndex = 0; path = newcall.app; sourceTree = BUILT_PRODUCTS_DIR; };
		789FD75220A4DD5200F36945 /* AppDelegate.swift */ = {isa = PBXFileReference; lastKnownFileType = sourcecode.swift; path = AppDelegate.swift; sourceTree = "<group>"; };
		789FD75420A4DD5200F36945 /* ViewController.swift */ = {isa = PBXFileReference; lastKnownFileType = sourcecode.swift; path = ViewController.swift; sourceTree = "<group>"; };
		789FD75720A4DD5200F36945 /* Base */ = {isa = PBXFileReference; lastKnownFileType = file.storyboard; name = Base; path = Base.lproj/Main.storyboard; sourceTree = "<group>"; };
		789FD75920A4DD5200F36945 /* Assets.xcassets */ = {isa = PBXFileReference; lastKnownFileType = folder.assetcatalog; path = Assets.xcassets; sourceTree = "<group>"; };
		789FD75C20A4DD5200F36945 /* Base */ = {isa = PBXFileReference; lastKnownFileType = file.storyboard; name = Base; path = Base.lproj/LaunchScreen.storyboard; sourceTree = "<group>"; };
		789FD75E20A4DD5200F36945 /* Info.plist */ = {isa = PBXFileReference; lastKnownFileType = text.plist.xml; path = Info.plist; sourceTree = "<group>"; };
		78A50BE220AA28A000003DAF /* newcall-Bridging-Header.h */ = {isa = PBXFileReference; lastKnownFileType = sourcecode.c.h; path = "newcall-Bridging-Header.h"; sourceTree = "<group>"; };
		78A50BE920AA732C00003DAF /* AuthToken.swift */ = {isa = PBXFileReference; lastKnownFileType = sourcecode.swift; path = AuthToken.swift; sourceTree = "<group>"; };
		8E9052F720A52174007C0C03 /* Auth.swift */ = {isa = PBXFileReference; lastKnownFileType = sourcecode.swift; path = Auth.swift; sourceTree = "<group>"; };
/* End PBXFileReference section */

/* Begin PBXFrameworksBuildPhase section */
		789FD74C20A4DD5200F36945 /* Frameworks */ = {
			isa = PBXFrameworksBuildPhase;
			buildActionMask = 2147483647;
			files = (
			);
			runOnlyForDeploymentPostprocessing = 0;
		};
/* End PBXFrameworksBuildPhase section */

/* Begin PBXGroup section */
		789FD74620A4DD5200F36945 = {
			isa = PBXGroup;
			children = (
				789FD75120A4DD5200F36945 /* newcall */,
				789FD75020A4DD5200F36945 /* Products */,
			);
			sourceTree = "<group>";
		};
		789FD75020A4DD5200F36945 /* Products */ = {
			isa = PBXGroup;
			children = (
				789FD74F20A4DD5200F36945 /* newcall.app */,
			);
			name = Products;
			sourceTree = "<group>";
		};
		789FD75120A4DD5200F36945 /* newcall */ = {
			isa = PBXGroup;
			children = (
				789FD75220A4DD5200F36945 /* AppDelegate.swift */,
				789FD75420A4DD5200F36945 /* ViewController.swift */,
				8E9052F720A52174007C0C03 /* Auth.swift */,
				78A50BE920AA732C00003DAF /* AuthToken.swift */,
				789FD75620A4DD5200F36945 /* Main.storyboard */,
				789FD75920A4DD5200F36945 /* Assets.xcassets */,
				789FD75B20A4DD5200F36945 /* LaunchScreen.storyboard */,
				789FD75E20A4DD5200F36945 /* Info.plist */,
				78A50BE220AA28A000003DAF /* newcall-Bridging-Header.h */,
			);
			path = newcall;
			sourceTree = "<group>";
		};
/* End PBXGroup section */

/* Begin PBXNativeTarget section */
		789FD74E20A4DD5200F36945 /* newcall */ = {
			isa = PBXNativeTarget;
			buildConfigurationList = 789FD76120A4DD5200F36945 /* Build configuration list for PBXNativeTarget "newcall" */;
			buildPhases = (
				789FD74B20A4DD5200F36945 /* Sources */,
				789FD74C20A4DD5200F36945 /* Frameworks */,
				789FD74D20A4DD5200F36945 /* Resources */,
			);
			buildRules = (
			);
			dependencies = (
			);
			name = newcall;
			productName = newcall;
			productReference = 789FD74F20A4DD5200F36945 /* newcall.app */;
			productType = "com.apple.product-type.application";
		};
/* End PBXNativeTarget section */

/* Begin PBXProject section */
		789FD74720A4DD5200F36945 /* Project object */ = {
			isa = PBXProject;
			attributes = {
				LastSwiftUpdateCheck = 0920;
				LastUpgradeCheck = 0920;
				ORGANIZATIONNAME = "Alex Beattie";
				TargetAttributes = {
					789FD74E20A4DD5200F36945 = {
						CreatedOnToolsVersion = 9.2;
						LastSwiftMigration = 0920;
						ProvisioningStyle = Automatic;
					};
				};
			};
			buildConfigurationList = 789FD74A20A4DD5200F36945 /* Build configuration list for PBXProject "newcall" */;
			compatibilityVersion = "Xcode 8.0";
			developmentRegion = en;
			hasScannedForEncodings = 0;
			knownRegions = (
				en,
				Base,
			);
			mainGroup = 789FD74620A4DD5200F36945;
			productRefGroup = 789FD75020A4DD5200F36945 /* Products */;
			projectDirPath = "";
			projectRoot = "";
			targets = (
				789FD74E20A4DD5200F36945 /* newcall */,
			);
		};
/* End PBXProject section */

/* Begin PBXResourcesBuildPhase section */
		789FD74D20A4DD5200F36945 /* Resources */ = {
			isa = PBXResourcesBuildPhase;
			buildActionMask = 2147483647;
			files = (
				789FD75D20A4DD5200F36945 /* LaunchScreen.storyboard in Resources */,
				789FD75A20A4DD5200F36945 /* Assets.xcassets in Resources */,
				789FD75820A4DD5200F36945 /* Main.storyboard in Resources */,
			);
			runOnlyForDeploymentPostprocessing = 0;
		};
/* End PBXResourcesBuildPhase section */

/* Begin PBXSourcesBuildPhase section */
		789FD74B20A4DD5200F36945 /* Sources */ = {
			isa = PBXSourcesBuildPhase;
			buildActionMask = 2147483647;
			files = (
				789FD75520A4DD5200F36945 /* ViewController.swift in Sources */,
				78A50BEA20AA732C00003DAF /* AuthToken.swift in Sources */,
				789FD75320A4DD5200F36945 /* AppDelegate.swift in Sources */,
				8E9052F820A52174007C0C03 /* Auth.swift in Sources */,
			);
			runOnlyForDeploymentPostprocessing = 0;
		};
/* End PBXSourcesBuildPhase section */

/* Begin PBXVariantGroup section */
		789FD75620A4DD5200F36945 /* Main.storyboard */ = {
			isa = PBXVariantGroup;
			children = (
				789FD75720A4DD5200F36945 /* Base */,
			);
			name = Main.storyboard;
			sourceTree = "<group>";
		};
		789FD75B20A4DD5200F36945 /* LaunchScreen.storyboard */ = {
			isa = PBXVariantGroup;
			children = (
				789FD75C20A4DD5200F36945 /* Base */,
			);
			name = LaunchScreen.storyboard;
			sourceTree = "<group>";
		};
/* End PBXVariantGroup section */

/* Begin XCBuildConfiguration section */
		789FD75F20A4DD5200F36945 /* Debug */ = {
			isa = XCBuildConfiguration;
			buildSettings = {
				ALWAYS_SEARCH_USER_PATHS = NO;
				CLANG_ANALYZER_NONNULL = YES;
				CLANG_ANALYZER_NUMBER_OBJECT_CONVERSION = YES_AGGRESSIVE;
				CLANG_CXX_LANGUAGE_STANDARD = "gnu++14";
				CLANG_CXX_LIBRARY = "libc++";
				CLANG_ENABLE_MODULES = YES;
				CLANG_ENABLE_OBJC_ARC = YES;
				CLANG_WARN_BLOCK_CAPTURE_AUTORELEASING = YES;
				CLANG_WARN_BOOL_CONVERSION = YES;
				CLANG_WARN_COMMA = YES;
				CLANG_WARN_CONSTANT_CONVERSION = YES;
				CLANG_WARN_DIRECT_OBJC_ISA_USAGE = YES_ERROR;
				CLANG_WARN_DOCUMENTATION_COMMENTS = YES;
				CLANG_WARN_EMPTY_BODY = YES;
				CLANG_WARN_ENUM_CONVERSION = YES;
				CLANG_WARN_INFINITE_RECURSION = YES;
				CLANG_WARN_INT_CONVERSION = YES;
				CLANG_WARN_NON_LITERAL_NULL_CONVERSION = YES;
				CLANG_WARN_OBJC_LITERAL_CONVERSION = YES;
				CLANG_WARN_OBJC_ROOT_CLASS = YES_ERROR;
				CLANG_WARN_RANGE_LOOP_ANALYSIS = YES;
				CLANG_WARN_STRICT_PROTOTYPES = YES;
				CLANG_WARN_SUSPICIOUS_MOVE = YES;
				CLANG_WARN_UNGUARDED_AVAILABILITY = YES_AGGRESSIVE;
				CLANG_WARN_UNREACHABLE_CODE = YES;
				CLANG_WARN__DUPLICATE_METHOD_MATCH = YES;
				CODE_SIGN_IDENTITY = "iPhone Developer";
				COPY_PHASE_STRIP = NO;
				DEBUG_INFORMATION_FORMAT = dwarf;
				ENABLE_STRICT_OBJC_MSGSEND = YES;
				ENABLE_TESTABILITY = YES;
				GCC_C_LANGUAGE_STANDARD = gnu11;
				GCC_DYNAMIC_NO_PIC = NO;
				GCC_NO_COMMON_BLOCKS = YES;
				GCC_OPTIMIZATION_LEVEL = 0;
				GCC_PREPROCESSOR_DEFINITIONS = (
					"DEBUG=1",
					"$(inherited)",
				);
				GCC_WARN_64_TO_32_BIT_CONVERSION = YES;
				GCC_WARN_ABOUT_RETURN_TYPE = YES_ERROR;
				GCC_WARN_UNDECLARED_SELECTOR = YES;
				GCC_WARN_UNINITIALIZED_AUTOS = YES_AGGRESSIVE;
				GCC_WARN_UNUSED_FUNCTION = YES;
				GCC_WARN_UNUSED_VARIABLE = YES;
				IPHONEOS_DEPLOYMENT_TARGET = 11.2;
				MTL_ENABLE_DEBUG_INFO = YES;
				ONLY_ACTIVE_ARCH = YES;
				SDKROOT = iphoneos;
				SWIFT_ACTIVE_COMPILATION_CONDITIONS = DEBUG;
				SWIFT_OPTIMIZATION_LEVEL = "-Onone";
			};
			name = Debug;
		};
		789FD76020A4DD5200F36945 /* Release */ = {
			isa = XCBuildConfiguration;
			buildSettings = {
				ALWAYS_SEARCH_USER_PATHS = NO;
				CLANG_ANALYZER_NONNULL = YES;
				CLANG_ANALYZER_NUMBER_OBJECT_CONVERSION = YES_AGGRESSIVE;
				CLANG_CXX_LANGUAGE_STANDARD = "gnu++14";
				CLANG_CXX_LIBRARY = "libc++";
				CLANG_ENABLE_MODULES = YES;
				CLANG_ENABLE_OBJC_ARC = YES;
				CLANG_WARN_BLOCK_CAPTURE_AUTORELEASING = YES;
				CLANG_WARN_BOOL_CONVERSION = YES;
				CLANG_WARN_COMMA = YES;
				CLANG_WARN_CONSTANT_CONVERSION = YES;
				CLANG_WARN_DIRECT_OBJC_ISA_USAGE = YES_ERROR;
				CLANG_WARN_DOCUMENTATION_COMMENTS = YES;
				CLANG_WARN_EMPTY_BODY = YES;
				CLANG_WARN_ENUM_CONVERSION = YES;
				CLANG_WARN_INFINITE_RECURSION = YES;
				CLANG_WARN_INT_CONVERSION = YES;
				CLANG_WARN_NON_LITERAL_NULL_CONVERSION = YES;
				CLANG_WARN_OBJC_LITERAL_CONVERSION = YES;
				CLANG_WARN_OBJC_ROOT_CLASS = YES_ERROR;
				CLANG_WARN_RANGE_LOOP_ANALYSIS = YES;
				CLANG_WARN_STRICT_PROTOTYPES = YES;
				CLANG_WARN_SUSPICIOUS_MOVE = YES;
				CLANG_WARN_UNGUARDED_AVAILABILITY = YES_AGGRESSIVE;
				CLANG_WARN_UNREACHABLE_CODE = YES;
				CLANG_WARN__DUPLICATE_METHOD_MATCH = YES;
				CODE_SIGN_IDENTITY = "iPhone Developer";
				COPY_PHASE_STRIP = NO;
				DEBUG_INFORMATION_FORMAT = "dwarf-with-dsym";
				ENABLE_NS_ASSERTIONS = NO;
				ENABLE_STRICT_OBJC_MSGSEND = YES;
				GCC_C_LANGUAGE_STANDARD = gnu11;
				GCC_NO_COMMON_BLOCKS = YES;
				GCC_WARN_64_TO_32_BIT_CONVERSION = YES;
				GCC_WARN_ABOUT_RETURN_TYPE = YES_ERROR;
				GCC_WARN_UNDECLARED_SELECTOR = YES;
				GCC_WARN_UNINITIALIZED_AUTOS = YES_AGGRESSIVE;
				GCC_WARN_UNUSED_FUNCTION = YES;
				GCC_WARN_UNUSED_VARIABLE = YES;
				IPHONEOS_DEPLOYMENT_TARGET = 11.2;
				MTL_ENABLE_DEBUG_INFO = NO;
				SDKROOT = iphoneos;
				SWIFT_OPTIMIZATION_LEVEL = "-Owholemodule";
				VALIDATE_PRODUCT = YES;
			};
			name = Release;
		};
		789FD76220A4DD5200F36945 /* Debug */ = {
			isa = XCBuildConfiguration;
			buildSettings = {
				ASSETCATALOG_COMPILER_APPICON_NAME = AppIcon;
				CLANG_ENABLE_MODULES = YES;
				CODE_SIGN_STYLE = Automatic;
				DEVELOPMENT_TEAM = LR4SP9C264;
				INFOPLIST_FILE = newcall/Info.plist;
				LD_RUNPATH_SEARCH_PATHS = "$(inherited) @executable_path/Frameworks";
				PRODUCT_BUNDLE_IDENTIFIER = com.artisanbranding.newcall;
				PRODUCT_NAME = "$(TARGET_NAME)";
				SWIFT_OBJC_BRIDGING_HEADER = "newcall/newcall-Bridging-Header.h";
				SWIFT_OPTIMIZATION_LEVEL = "-Onone";
				SWIFT_VERSION = 4.0;
				TARGETED_DEVICE_FAMILY = "1,2";
			};
			name = Debug;
		};
		789FD76320A4DD5200F36945 /* Release */ = {
			isa = XCBuildConfiguration;
			buildSettings = {
				ASSETCATALOG_COMPILER_APPICON_NAME = AppIcon;
				CLANG_ENABLE_MODULES = YES;
				CODE_SIGN_STYLE = Automatic;
				DEVELOPMENT_TEAM = LR4SP9C264;
				INFOPLIST_FILE = newcall/Info.plist;
				LD_RUNPATH_SEARCH_PATHS = "$(inherited) @executable_path/Frameworks";
				PRODUCT_BUNDLE_IDENTIFIER = com.artisanbranding.newcall;
				PRODUCT_NAME = "$(TARGET_NAME)";
				SWIFT_OBJC_BRIDGING_HEADER = "newcall/newcall-Bridging-Header.h";
				SWIFT_VERSION = 4.0;
				TARGETED_DEVICE_FAMILY = "1,2";
			};
			name = Release;
		};
/* End XCBuildConfiguration section */

/* Begin XCConfigurationList section */
		789FD74A20A4DD5200F36945 /* Build configuration list for PBXProject "newcall" */ = {
			isa = XCConfigurationList;
			buildConfigurations = (
				789FD75F20A4DD5200F36945 /* Debug */,
				789FD76020A4DD5200F36945 /* Release */,
			);
			defaultConfigurationIsVisible = 0;
			defaultConfigurationName = Release;
		};
		789FD76120A4DD5200F36945 /* Build configuration list for PBXNativeTarget "newcall" */ = {
			isa = XCConfigurationList;
			buildConfigurations = (
				789FD76220A4DD5200F36945 /* Debug */,
				789FD76320A4DD5200F36945 /* Release */,
			);
			defaultConfigurationIsVisible = 0;
			defaultConfigurationName = Release;
		};
/* End XCConfigurationList section */
	};
	rootObject = 789FD74720A4DD5200F36945 /* Project object */;
}
